Microsoft Visual Studio Solution File, Format Version 12.00
# Visual Studio Version 17
VisualStudioVersion = 17.5.2.0
MinimumVisualStudioVersion = 10.0.40219.1
Project("{2150E333-8FDC-42A3-9474-1A3956D46DE8}") = "be", "be", "{925EF7A6-BD2D-FD16-DA9B-B4A434F89C38}"
EndProject
Project("{FAE04EC0-301F-11D3-BF4B-00C04F79EFBC}") = "JobAppTracker.Api", "be\JobAppTracker.Api\JobAppTracker.Api.csproj", "{FEC459CE-CE44-7C5F-6F89-F9F27AC5EAEA}"
EndProject
Global
	GlobalSection(SolutionConfigurationPlatforms) = preSolution
		Debug|Any CPU = Debug|Any CPU
		Release|Any CPU = Release|Any CPU
	EndGlobalSection
	GlobalSection(ProjectConfigurationPlatforms) = postSolution
		{FEC459CE-CE44-7C5F-6F89-F9F27AC5EAEA}.Debug|Any CPU.ActiveCfg = Debug|Any CPU
		{FEC459CE-CE44-7C5F-6F89-F9F27AC5EAEA}.Debug|Any CPU.Build.0 = Debug|Any CPU
		{FEC459CE-CE44-7C5F-6F89-F9F27AC5EAEA}.Release|Any CPU.ActiveCfg = Release|Any CPU
		{FEC459CE-CE44-7C5F-6F89-F9F27AC5EAEA}.Release|Any CPU.Build.0 = Release|Any CPU
	EndGlobalSection
	GlobalSection(SolutionProperties) = preSolution
		HideSolutionNode = FALSE
	EndGlobalSection
	GlobalSection(NestedProjects) = preSolution
		{FEC459CE-CE44-7C5F-6F89-F9F27AC5EAEA} = {925EF7A6-BD2D-FD16-DA9B-B4A434F89C38}
	EndGlobalSection
	GlobalSection(ExtensibilityGlobals) = postSolution
		SolutionGuid = {0C1BC88B-9A8C-4948-82B6-27CCBF3C2F81}
	EndGlobalSection
EndGlobal
